
Microsoft Visual Studio Solution File, Format Version 12.00
# Visual Studio Version 17
VisualStudioVersion = 17.3.32819.101
MinimumVisualStudioVersion = 10.0.40219.1
Project("{FAE04EC0-301F-11D3-BF4B-00C04F79EFBC}") = "NetCoreApi", "NetCoreApi.csproj", "{6787905B-0A38-4B1F-B0B4-B46C740ECFB5}"
EndProject
Global
	GlobalSection(SolutionConfigurationPlatforms) = preSolution
		Debug|Any CPU = Debug|Any CPU
		Release|Any CPU = Release|Any CPU
	EndGlobalSection
	GlobalSection(ProjectConfigurationPlatforms) = postSolution
		{6787905B-0A38-4B1F-B0B4-B46C740ECFB5}.Debug|Any CPU.ActiveCfg = Debug|Any CPU
		{6787905B-0A38-4B1F-B0B4-B46C740ECFB5}.Debug|Any CPU.Build.0 = Debug|Any CPU
		{6787905B-0A38-4B1F-B0B4-B46C740ECFB5}.Release|Any CPU.ActiveCfg = Release|Any CPU
		{6787905B-0A38-4B1F-B0B4-B46C740ECFB5}.Release|Any CPU.Build.0 = Release|Any CPU
	EndGlobalSection
	GlobalSection(SolutionProperties) = preSolution
		HideSolutionNode = FALSE
	EndGlobalSection
	GlobalSection(ExtensibilityGlobals) = postSolution
		SolutionGuid = {4FE909A6-9B28-4FEF-A002-6206B8D03B67}
	EndGlobalSection
EndGlobal
