
Microsoft Visual Studio Solution File, Format Version 12.00
# Visual Studio Version 17
VisualStudioVersion = 17.3.32819.101
MinimumVisualStudioVersion = 10.0.40219.1
Project("{9A19103F-16F7-4668-BE54-9A1E7A4F7556}") = "TallerMecanico", "TallerMecanico.csproj", "{007F5433-878F-441A-AD15-2F0BE768382E}"
EndProject
Project("{2150E333-8FDC-42A3-9474-1A3956D46DE8}") = "Solution Items", "Solution Items", "{84AD0813-18AC-4F26-BEC2-B203047A0FD0}"
	ProjectSection(SolutionItems) = preProject
		.editorconfig = .editorconfig
	EndProjectSection
EndProject
Global
	GlobalSection(SolutionConfigurationPlatforms) = preSolution
		Debug|Any CPU = Debug|Any CPU
		Release|Any CPU = Release|Any CPU
	EndGlobalSection
	GlobalSection(ProjectConfigurationPlatforms) = postSolution
		{007F5433-878F-441A-AD15-2F0BE768382E}.Debug|Any CPU.ActiveCfg = Debug|Any CPU
		{007F5433-878F-441A-AD15-2F0BE768382E}.Debug|Any CPU.Build.0 = Debug|Any CPU
		{007F5433-878F-441A-AD15-2F0BE768382E}.Release|Any CPU.ActiveCfg = Release|Any CPU
		{007F5433-878F-441A-AD15-2F0BE768382E}.Release|Any CPU.Build.0 = Release|Any CPU
	EndGlobalSection
	GlobalSection(SolutionProperties) = preSolution
		HideSolutionNode = FALSE
	EndGlobalSection
	GlobalSection(ExtensibilityGlobals) = postSolution
		SolutionGuid = {00F11A35-D833-474B-A092-2054B7DFA0B6}
	EndGlobalSection
EndGlobal
